
Microsoft Visual Studio Solution File, Format Version 12.00
# Visual Studio Version 17
VisualStudioVersion = 17.6.33829.357
MinimumVisualStudioVersion = 10.0.40219.1
Project("{9A19103F-16F7-4668-BE54-9A1E7A4F7556}") = "DatajudClient.API", "DatajudClient.API\DatajudClient.API.csproj", "{35A23EE2-5498-4491-8265-093F183187EB}"
EndProject
Project("{2150E333-8FDC-42A3-9474-1A3956D46DE8}") = "01-Application", "01-Application", "{54560A4C-DFC2-4DC0-A1F7-2A8ACCE40B17}"
EndProject
Project("{2150E333-8FDC-42A3-9474-1A3956D46DE8}") = "02-Domain", "02-Domain", "{6B634603-6B78-4AA1-9F8B-E3EBD0AC5CF2}"
EndProject
Project("{2150E333-8FDC-42A3-9474-1A3956D46DE8}") = "03-Infrastructure", "03-Infrastructure", "{81332C7E-C1FB-4636-B42B-E7F69ECFBA55}"
EndProject
Project("{2150E333-8FDC-42A3-9474-1A3956D46DE8}") = "04-CrossCutting", "04-CrossCutting", "{0932BACA-5B34-4C5C-96B7-0660183B37A7}"
EndProject
Project("{9A19103F-16F7-4668-BE54-9A1E7A4F7556}") = "DatajudClient.Domain", "DatajudClient.Domain\DatajudClient.Domain.csproj", "{F9A56833-AF45-4552-AA35-23F0163722A2}"
EndProject
Project("{9A19103F-16F7-4668-BE54-9A1E7A4F7556}") = "DatajudClient.CrossCutting", "DatajudClient.CrossCutting\DatajudClient.CrossCutting.csproj", "{7241EFA1-5365-4785-99DA-5E98343E5175}"
EndProject
Project("{FAE04EC0-301F-11D3-BF4B-00C04F79EFBC}") = "DatajudClient.Infrastructure", "DatajudClient.Infrastructure\DatajudClient.Infrastructure.csproj", "{9C79ABD3-F33B-4D1F-9F6B-A7463B6FE07C}"
EndProject
Global
	GlobalSection(SolutionConfigurationPlatforms) = preSolution
		Debug|Any CPU = Debug|Any CPU
		Release|Any CPU = Release|Any CPU
	EndGlobalSection
	GlobalSection(ProjectConfigurationPlatforms) = postSolution
		{35A23EE2-5498-4491-8265-093F183187EB}.Debug|Any CPU.ActiveCfg = Debug|Any CPU
		{35A23EE2-5498-4491-8265-093F183187EB}.Debug|Any CPU.Build.0 = Debug|Any CPU
		{35A23EE2-5498-4491-8265-093F183187EB}.Release|Any CPU.ActiveCfg = Release|Any CPU
		{35A23EE2-5498-4491-8265-093F183187EB}.Release|Any CPU.Build.0 = Release|Any CPU
		{F9A56833-AF45-4552-AA35-23F0163722A2}.Debug|Any CPU.ActiveCfg = Debug|Any CPU
		{F9A56833-AF45-4552-AA35-23F0163722A2}.Debug|Any CPU.Build.0 = Debug|Any CPU
		{F9A56833-AF45-4552-AA35-23F0163722A2}.Release|Any CPU.ActiveCfg = Release|Any CPU
		{F9A56833-AF45-4552-AA35-23F0163722A2}.Release|Any CPU.Build.0 = Release|Any CPU
		{7241EFA1-5365-4785-99DA-5E98343E5175}.Debug|Any CPU.ActiveCfg = Debug|Any CPU
		{7241EFA1-5365-4785-99DA-5E98343E5175}.Debug|Any CPU.Build.0 = Debug|Any CPU
		{7241EFA1-5365-4785-99DA-5E98343E5175}.Release|Any CPU.ActiveCfg = Release|Any CPU
		{7241EFA1-5365-4785-99DA-5E98343E5175}.Release|Any CPU.Build.0 = Release|Any CPU
		{9C79ABD3-F33B-4D1F-9F6B-A7463B6FE07C}.Debug|Any CPU.ActiveCfg = Debug|Any CPU
		{9C79ABD3-F33B-4D1F-9F6B-A7463B6FE07C}.Debug|Any CPU.Build.0 = Debug|Any CPU
		{9C79ABD3-F33B-4D1F-9F6B-A7463B6FE07C}.Release|Any CPU.ActiveCfg = Release|Any CPU
		{9C79ABD3-F33B-4D1F-9F6B-A7463B6FE07C}.Release|Any CPU.Build.0 = Release|Any CPU
	EndGlobalSection
	GlobalSection(SolutionProperties) = preSolution
		HideSolutionNode = FALSE
	EndGlobalSection
	GlobalSection(NestedProjects) = preSolution
		{35A23EE2-5498-4491-8265-093F183187EB} = {54560A4C-DFC2-4DC0-A1F7-2A8ACCE40B17}
		{F9A56833-AF45-4552-AA35-23F0163722A2} = {6B634603-6B78-4AA1-9F8B-E3EBD0AC5CF2}
		{7241EFA1-5365-4785-99DA-5E98343E5175} = {0932BACA-5B34-4C5C-96B7-0660183B37A7}
		{9C79ABD3-F33B-4D1F-9F6B-A7463B6FE07C} = {81332C7E-C1FB-4636-B42B-E7F69ECFBA55}
	EndGlobalSection
	GlobalSection(ExtensibilityGlobals) = postSolution
		SolutionGuid = {C337DF8E-AE6B-47DA-AAE4-73E2514B8FF6}
	EndGlobalSection
EndGlobal
